
Microsoft Visual Studio Solution File, Format Version 12.00
# Visual Studio Version 17
VisualStudioVersion = 17.14.36915.13 d17.14
MinimumVisualStudioVersion = 10.0.40219.1
Project("{FAE04EC0-301F-11D3-BF4B-00C04F79EFBC}") = "Math quiz", "Math quiz\Math quiz.csproj", "{B4EFE6FE-C008-4C59-BE95-756866DF9A01}"
EndProject
Global
	GlobalSection(SolutionConfigurationPlatforms) = preSolution
		Debug|Any CPU = Debug|Any CPU
		Release|Any CPU = Release|Any CPU
	EndGlobalSection
	GlobalSection(ProjectConfigurationPlatforms) = postSolution
		{B4EFE6FE-C008-4C59-BE95-756866DF9A01}.Debug|Any CPU.ActiveCfg = Debug|Any CPU
		{B4EFE6FE-C008-4C59-BE95-756866DF9A01}.Debug|Any CPU.Build.0 = Debug|Any CPU
		{B4EFE6FE-C008-4C59-BE95-756866DF9A01}.Release|Any CPU.ActiveCfg = Release|Any CPU
		{B4EFE6FE-C008-4C59-BE95-756866DF9A01}.Release|Any CPU.Build.0 = Release|Any CPU
	EndGlobalSection
	GlobalSection(SolutionProperties) = preSolution
		HideSolutionNode = FALSE
	EndGlobalSection
	GlobalSection(ExtensibilityGlobals) = postSolution
		SolutionGuid = {6EC35687-388E-4F86-8A73-64E21CDF64BB}
	EndGlobalSection
EndGlobal
